
Microsoft Visual Studio Solution File, Format Version 12.00
Project("{FAE04EC0-301F-11D3-BF4B-00C04F79EFBC}") = "AdventOfCode2025", "AdventOfCode2025.csproj", "{3E2BA654-12BF-47FD-8F68-1443186A1D84}"
EndProject
Global
	GlobalSection(SolutionConfigurationPlatforms) = preSolution
		Debug|Any CPU = Debug|Any CPU
		Release|Any CPU = Release|Any CPU
	EndGlobalSection
	GlobalSection(ProjectConfigurationPlatforms) = postSolution
		{3E2BA654-12BF-47FD-8F68-1443186A1D84}.Debug|Any CPU.ActiveCfg = Debug|Any CPU
		{3E2BA654-12BF-47FD-8F68-1443186A1D84}.Debug|Any CPU.Build.0 = Debug|Any CPU
		{3E2BA654-12BF-47FD-8F68-1443186A1D84}.Release|Any CPU.ActiveCfg = Release|Any CPU
		{3E2BA654-12BF-47FD-8F68-1443186A1D84}.Release|Any CPU.Build.0 = Release|Any CPU
	EndGlobalSection
EndGlobal
